# This file is automatically @generated by Poetry and should not be changed by hand.

[[package]]
name = "npm-babel-parser"
version = "7.21.2"
description = "A JavaScript parser"
category = "main"
optional = false
python-versions = "*"
files = [
    {file = "npm_babel_parser-7.21.2-py3-none-any.whl", hash = "sha256:be267c695f9a0d885dc9677a3503b96e786f2cbdfc66cf51fe7f0a4d6b636671"},
]

[package.source]
type = "legacy"
url = "http://localhost:8000/back/simple"
reference = "npym"

[[package]]
name = "npm-csstype"
version = "2.6.21"
description = "Strict TypeScript and Flow types for style based on MDN data"
category = "main"
optional = false
python-versions = "*"
files = [
    {file = "npm_csstype-2.6.21-py3-none-any.whl", hash = "sha256:db5c2c62809b36f53367a7bcdffcdf6bb5f761a06073f706a0dbf8075676c8c3"},
]

[package.source]
type = "legacy"
url = "http://localhost:8000/back/simple"
reference = "npym"

[[package]]
name = "npm-estree-walker"
version = "2.0.2"
description = "Traverse an ESTree-compliant AST"
category = "main"
optional = false
python-versions = "*"
files = [
    {file = "npm_estree_walker-2.0.2-py3-none-any.whl", hash = "sha256:6c0cab0c062dbb66e210579407cb80c23fc154c0f2e4c28399d2d10e983088f2"},
]

[package.source]
type = "legacy"
url = "http://localhost:8000/back/simple"
reference = "npym"

[[package]]
name = "npm-magic-string"
version = "0.25.9"
description = "Modify strings, generate sourcemaps"
category = "main"
optional = false
python-versions = "*"
files = [
    {file = "npm_magic_string-0.25.9-py3-none-any.whl", hash = "sha256:9ffbd96029a6bf208f2a34161db51a66e175bcd16dff56b2e8993b4ca2dea7cb"},
]

[package.dependencies]
"npm.sourcemap-codec" = ">=1.4.8,<2.0.0"

[package.source]
type = "legacy"
url = "http://localhost:8000/back/simple"
reference = "npym"

[[package]]
name = "npm-nanoid"
version = "3.3.4"
description = "A tiny (116 bytes), secure URL-friendly unique string ID generator"
category = "main"
optional = false
python-versions = "*"
files = [
    {file = "npm_nanoid-3.3.4-py3-none-any.whl", hash = "sha256:abb62f0926df5fc2038acaeb9df12dd3a5eee13f44df096a147a5880039da756"},
]

[package.source]
type = "legacy"
url = "http://localhost:8000/back/simple"
reference = "npym"

[[package]]
name = "npm-picocolors"
version = "1.0.0"
description = "The tiniest and the fastest library for terminal output formatting with ANSI colors"
category = "main"
optional = false
python-versions = "*"
files = [
    {file = "npm_picocolors-1.0.0-py3-none-any.whl", hash = "sha256:f328d8e28013cd11d32bb66f7401b74078f752c029ec6bb5a3c40b965e15cf23"},
]

[package.source]
type = "legacy"
url = "http://localhost:8000/back/simple"
reference = "npym"

[[package]]
name = "npm-postcss"
version = "8.4.21"
description = "Tool for transforming styles with JS plugins"
category = "main"
optional = false
python-versions = "*"
files = [
    {file = "npm_postcss-8.4.21-py3-none-any.whl", hash = "sha256:85e889409181a1c12264fc3d3478117f3f91776edbbafc34e9618f9bf71a62c5"},
]

[package.dependencies]
"npm.nanoid" = ">=3.3.4,<4.0.0"
"npm.picocolors" = ">=1.0.0,<2.0.0"
"npm.source-map-js" = ">=1.0.2,<2.0.0"

[package.source]
type = "legacy"
url = "http://localhost:8000/back/simple"
reference = "npym"

[[package]]
name = "npm-prettier"
version = "2.8.4"
description = "Prettier is an opinionated code formatter"
category = "main"
optional = false
python-versions = "*"
files = [
    {file = "npm_prettier-2.8.4-py3-none-any.whl", hash = "sha256:f50c4568d5a8090c511e6b45bb29821110a680ddf9e4b9f92c5a6309a3dde409"},
]

[package.source]
type = "legacy"
url = "http://localhost:8000/back/simple"
reference = "npym"

[[package]]
name = "npm-source-map"
version = "0.6.1"
description = "Generates and consumes source maps"
category = "main"
optional = false
python-versions = "*"
files = [
    {file = "npm_source_map-0.6.1-py3-none-any.whl", hash = "sha256:46c307d671d665426cee5960e88b9896616d19f64e064b6bb69840411dbdce9a"},
]

[package.source]
type = "legacy"
url = "http://localhost:8000/back/simple"
reference = "npym"

[[package]]
name = "npm-source-map-js"
version = "1.0.2"
description = "Generates and consumes source maps"
category = "main"
optional = false
python-versions = "*"
files = [
    {file = "npm_source_map_js-1.0.2-py3-none-any.whl", hash = "sha256:a7eb0c78cf16cbf61c1da73061e9234c8603b1f8567be90494799a370c8b29fd"},
]

[package.source]
type = "legacy"
url = "http://localhost:8000/back/simple"
reference = "npym"

[[package]]
name = "npm-sourcemap-codec"
version = "1.4.8"
description = "Encode/decode sourcemap mappings"
category = "main"
optional = false
python-versions = "*"
files = [
    {file = "npm_sourcemap_codec-1.4.8-py3-none-any.whl", hash = "sha256:e147e5804cde491ddddfc104c6079f2929aeeeb91a1659e62e4e7403d49f738c"},
]

[package.source]
type = "legacy"
url = "http://localhost:8000/back/simple"
reference = "npym"

[[package]]
name = "npm-vue"
version = "3.2.47"
description = "The progressive JavaScript framework for building modern web UI."
category = "main"
optional = false
python-versions = "*"
files = [
    {file = "npm_vue-3.2.47-py3-none-any.whl", hash = "sha256:98ba79f8c0e1db972d13eaac180d086945e7a29d54a8e13d4d1f7f27f3188c6e"},
]

[package.dependencies]
"npm.vue.compiler-dom" = "3.2.47"
"npm.vue.compiler-sfc" = "3.2.47"
"npm.vue.runtime-dom" = "3.2.47"
"npm.vue.server-renderer" = "3.2.47"
"npm.vue.shared" = "3.2.47"

[package.source]
type = "legacy"
url = "http://localhost:8000/back/simple"
reference = "npym"

[[package]]
name = "npm-vue-compiler-core"
version = "3.2.47"
description = "@vue/compiler-core"
category = "main"
optional = false
python-versions = "*"
files = [
    {file = "npm_vue_compiler_core-3.2.47-py3-none-any.whl", hash = "sha256:22ba4542213d528b22f224c3caa52b5219f23f0eb26675b072d552ae30d6e0ee"},
]

[package.dependencies]
"npm.babel.parser" = ">=7.16.4,<8.0.0"
"npm.estree-walker" = ">=2.0.2,<3.0.0"
"npm.source-map" = ">=0.6.1,<0.7.0"
"npm.vue.shared" = "3.2.47"

[package.source]
type = "legacy"
url = "http://localhost:8000/back/simple"
reference = "npym"

[[package]]
name = "npm-vue-compiler-dom"
version = "3.2.47"
description = "@vue/compiler-dom"
category = "main"
optional = false
python-versions = "*"
files = [
    {file = "npm_vue_compiler_dom-3.2.47-py3-none-any.whl", hash = "sha256:e0481cdb77528efff9dfe54b9fde05737b86bdd259078ca7209616012283210e"},
]

[package.dependencies]
"npm.vue.compiler-core" = "3.2.47"
"npm.vue.shared" = "3.2.47"

[package.source]
type = "legacy"
url = "http://localhost:8000/back/simple"
reference = "npym"

[[package]]
name = "npm-vue-compiler-sfc"
version = "3.2.47"
description = "@vue/compiler-sfc"
category = "main"
optional = false
python-versions = "*"
files = [
    {file = "npm_vue_compiler_sfc-3.2.47-py3-none-any.whl", hash = "sha256:92224185ab907f3fd88db033c5f8dccf0227b3c7449762345e42a4d1099bf49d"},
]

[package.dependencies]
"npm.babel.parser" = ">=7.16.4,<8.0.0"
"npm.estree-walker" = ">=2.0.2,<3.0.0"
"npm.magic-string" = ">=0.25.7,<0.26.0"
"npm.postcss" = ">=8.1.10,<9.0.0"
"npm.source-map" = ">=0.6.1,<0.7.0"
"npm.vue.compiler-core" = "3.2.47"
"npm.vue.compiler-dom" = "3.2.47"
"npm.vue.compiler-ssr" = "3.2.47"
"npm.vue.reactivity-transform" = "3.2.47"
"npm.vue.shared" = "3.2.47"

[package.source]
type = "legacy"
url = "http://localhost:8000/back/simple"
reference = "npym"

[[package]]
name = "npm-vue-compiler-ssr"
version = "3.2.47"
description = "@vue/compiler-ssr"
category = "main"
optional = false
python-versions = "*"
files = [
    {file = "npm_vue_compiler_ssr-3.2.47-py3-none-any.whl", hash = "sha256:6b00fe363b0bb319d4788ca4f0e952c022c4065658203def493eaf913b527bb8"},
]

[package.dependencies]
"npm.vue.compiler-dom" = "3.2.47"
"npm.vue.shared" = "3.2.47"

[package.source]
type = "legacy"
url = "http://localhost:8000/back/simple"
reference = "npym"

[[package]]
name = "npm-vue-reactivity"
version = "3.2.47"
description = "@vue/reactivity"
category = "main"
optional = false
python-versions = "*"
files = [
    {file = "npm_vue_reactivity-3.2.47-py3-none-any.whl", hash = "sha256:2e1dc7da16608fc8d2d355e8f020b100cc2d6e0ecf52249a816ce91765cbff12"},
]

[package.dependencies]
"npm.vue.shared" = "3.2.47"

[package.source]
type = "legacy"
url = "http://localhost:8000/back/simple"
reference = "npym"

[[package]]
name = "npm-vue-reactivity-transform"
version = "3.2.47"
description = "@vue/reactivity-transform"
category = "main"
optional = false
python-versions = "*"
files = [
    {file = "npm_vue_reactivity_transform-3.2.47-py3-none-any.whl", hash = "sha256:27461f5cd64c9e30917f35133f17119dcda095e09d8ae9592477cde33cbfba78"},
]

[package.dependencies]
"npm.babel.parser" = ">=7.16.4,<8.0.0"
"npm.estree-walker" = ">=2.0.2,<3.0.0"
"npm.magic-string" = ">=0.25.7,<0.26.0"
"npm.vue.compiler-core" = "3.2.47"
"npm.vue.shared" = "3.2.47"

[package.source]
type = "legacy"
url = "http://localhost:8000/back/simple"
reference = "npym"

[[package]]
name = "npm-vue-runtime-core"
version = "3.2.47"
description = "@vue/runtime-core"
category = "main"
optional = false
python-versions = "*"
files = [
    {file = "npm_vue_runtime_core-3.2.47-py3-none-any.whl", hash = "sha256:918c08069c0b5355cbb1020b3be4e22cc8f8bdbe4f363c0dcb7e3a7304fd303d"},
]

[package.dependencies]
"npm.vue.reactivity" = "3.2.47"
"npm.vue.shared" = "3.2.47"

[package.source]
type = "legacy"
url = "http://localhost:8000/back/simple"
reference = "npym"

[[package]]
name = "npm-vue-runtime-dom"
version = "3.2.47"
description = "@vue/runtime-dom"
category = "main"
optional = false
python-versions = "*"
files = [
    {file = "npm_vue_runtime_dom-3.2.47-py3-none-any.whl", hash = "sha256:238ed394b3eb63b9cc93eed7b174920d3587772cffd688496dc9514163c0b724"},
]

[package.dependencies]
"npm.csstype" = ">=2.6.8,<3.0.0"
"npm.vue.runtime-core" = "3.2.47"
"npm.vue.shared" = "3.2.47"

[package.source]
type = "legacy"
url = "http://localhost:8000/back/simple"
reference = "npym"

[[package]]
name = "npm-vue-server-renderer"
version = "3.2.47"
description = "@vue/server-renderer"
category = "main"
optional = false
python-versions = "*"
files = [
    {file = "npm_vue_server_renderer-3.2.47-py3-none-any.whl", hash = "sha256:c23cf2c5ec91c8f6ab29098a5f0ab91cedd8b1fb7ffec05ace61ccc24541b402"},
]

[package.dependencies]
"npm.vue" = "3.2.47"
"npm.vue.compiler-ssr" = "3.2.47"
"npm.vue.shared" = "3.2.47"

[package.source]
type = "legacy"
url = "http://localhost:8000/back/simple"
reference = "npym"

[[package]]
name = "npm-vue-shared"
version = "3.2.47"
description = "internal utils shared across @vue packages"
category = "main"
optional = false
python-versions = "*"
files = [
    {file = "npm_vue_shared-3.2.47-py3-none-any.whl", hash = "sha256:6f7e37643c6e421644be65aa9a8ab5261e9f896ffca4518ab8187e84d5b85878"},
]

[package.source]
type = "legacy"
url = "http://localhost:8000/back/simple"
reference = "npym"

[metadata]
lock-version = "2.0"
python-versions = "^3.10"
content-hash = "345addffff1865cc7cc505493d8eeb0a48e9d2fdd5aea5246d1004fd0d1ad680"
